
Microsoft Visual Studio Solution File, Format Version 12.00
# Visual Studio Version 17
VisualStudioVersion = 17.4.33110.190
MinimumVisualStudioVersion = 10.0.40219.1
Project("{8BC9CEB8-8B4A-11D0-8D11-00A0C91BC942}") = "3dstex-ex", "3dstex-ex\3dstex-ex.vcxproj", "{B0FB79D1-14E9-457C-A2F3-075CC2BF44FA}"
EndProject
Global
	GlobalSection(SolutionConfigurationPlatforms) = preSolution
		Debug|arm64 = Debug|arm64
		Debug|x64 = Debug|x64
		Debug|x86 = Debug|x86
		Release|arm64 = Release|arm64
		Release|x64 = Release|x64
		Release|x86 = Release|x86
	EndGlobalSection
	GlobalSection(ProjectConfigurationPlatforms) = postSolution
		{B0FB79D1-14E9-457C-A2F3-075CC2BF44FA}.Debug|arm64.ActiveCfg = Debug|arm64
		{B0FB79D1-14E9-457C-A2F3-075CC2BF44FA}.Debug|arm64.Build.0 = Debug|arm64
		{B0FB79D1-14E9-457C-A2F3-075CC2BF44FA}.Debug|x64.ActiveCfg = Debug|x64
		{B0FB79D1-14E9-457C-A2F3-075CC2BF44FA}.Debug|x64.Build.0 = Debug|x64
		{B0FB79D1-14E9-457C-A2F3-075CC2BF44FA}.Debug|x86.ActiveCfg = Debug|Win32
		{B0FB79D1-14E9-457C-A2F3-075CC2BF44FA}.Debug|x86.Build.0 = Debug|Win32
		{B0FB79D1-14E9-457C-A2F3-075CC2BF44FA}.Release|arm64.ActiveCfg = Release|arm64
		{B0FB79D1-14E9-457C-A2F3-075CC2BF44FA}.Release|arm64.Build.0 = Release|arm64
		{B0FB79D1-14E9-457C-A2F3-075CC2BF44FA}.Release|x64.ActiveCfg = Release|x64
		{B0FB79D1-14E9-457C-A2F3-075CC2BF44FA}.Release|x64.Build.0 = Release|x64
		{B0FB79D1-14E9-457C-A2F3-075CC2BF44FA}.Release|x86.ActiveCfg = Release|Win32
		{B0FB79D1-14E9-457C-A2F3-075CC2BF44FA}.Release|x86.Build.0 = Release|Win32
	EndGlobalSection
	GlobalSection(SolutionProperties) = preSolution
		HideSolutionNode = FALSE
	EndGlobalSection
	GlobalSection(ExtensibilityGlobals) = postSolution
		SolutionGuid = {CBC18EA5-0FDC-4C29-9278-F68DB91E5AB5}
	EndGlobalSection
EndGlobal
